
Microsoft Visual Studio Solution File, Format Version 12.00
# Visual Studio 14
VisualStudioVersion = 14.0.24720.0
MinimumVisualStudioVersion = 10.0.40219.1
Project("{FAE04EC0-301F-11D3-BF4B-00C04F79EFBC}") = "MP3Parser", "MP3Parser\MP3Parser.csproj", "{46DB4A5A-4845-465B-A7B3-612E9A408A78}"
EndProject
Project("{2150E333-8FDC-42A3-9474-1A3956D46DE8}") = "Solution Items", "Solution Items", "{F228E7CB-427F-4588-A51C-FFE4A7CE4914}"
	ProjectSection(SolutionItems) = preProject
		README.md = README.md
	EndProjectSection
EndProject
Project("{FAE04EC0-301F-11D3-BF4B-00C04F79EFBC}") = "MP3Tagger.Tests", "MP3Tagger.Tests\MP3Tagger.Tests.csproj", "{29700F39-6E55-4F0A-9838-F79BC2D53A65}"
EndProject
Global
	GlobalSection(SolutionConfigurationPlatforms) = preSolution
		Debug|Any CPU = Debug|Any CPU
		Release|Any CPU = Release|Any CPU
	EndGlobalSection
	GlobalSection(ProjectConfigurationPlatforms) = postSolution
		{46DB4A5A-4845-465B-A7B3-612E9A408A78}.Debug|Any CPU.ActiveCfg = Debug|Any CPU
		{46DB4A5A-4845-465B-A7B3-612E9A408A78}.Debug|Any CPU.Build.0 = Debug|Any CPU
		{46DB4A5A-4845-465B-A7B3-612E9A408A78}.Release|Any CPU.ActiveCfg = Release|Any CPU
		{46DB4A5A-4845-465B-A7B3-612E9A408A78}.Release|Any CPU.Build.0 = Release|Any CPU
		{29700F39-6E55-4F0A-9838-F79BC2D53A65}.Debug|Any CPU.ActiveCfg = Debug|Any CPU
		{29700F39-6E55-4F0A-9838-F79BC2D53A65}.Debug|Any CPU.Build.0 = Debug|Any CPU
		{29700F39-6E55-4F0A-9838-F79BC2D53A65}.Release|Any CPU.ActiveCfg = Release|Any CPU
		{29700F39-6E55-4F0A-9838-F79BC2D53A65}.Release|Any CPU.Build.0 = Release|Any CPU
	EndGlobalSection
	GlobalSection(SolutionProperties) = preSolution
		HideSolutionNode = FALSE
	EndGlobalSection
EndGlobal
